// !$*UTF8*$!
{
    archiveVersion = 1;
    classes = {
    };
    objectVersion = 56;
    objects = {

/* Begin PBXBuildFile section */
		600211E82C1EED40000CC02E /* Emoji.swift in Sources */ = {isa = PBXBuildFile; fileRef = 600211E72C1EED40000CC02E /* Emoji.swift */; };
		600211EA2C1EEE6D000CC02E /* APITarget.swift in Sources */ = {isa = PBXBuildFile; fileRef = 600211E92C1EEE6D000CC02E /* APITarget.swift */; };
		600211EC2C1EEED7000CC02E /* APIManager.swift in Sources */ = {isa = PBXBuildFile; fileRef = 600211EB2C1EEED7000CC02E /* APIManager.swift */; };
		600211EE2C1EEF91000CC02E /* EmojiNetwork.swift in Sources */ = {isa = PBXBuildFile; fileRef = 600211ED2C1EEF91000CC02E /* EmojiNetwork.swift */; };
		600D83A42C7B1FA4005C93E2 /* PaginationManager.swift in Sources */ = {isa = PBXBuildFile; fileRef = 600D83A32C7B1FA4005C93E2 /* PaginationManager.swift */; };
		6011891D2C3E8B3B0070F2AD /* UserService.swift in Sources */ = {isa = PBXBuildFile; fileRef = 6011891C2C3E8B3B0070F2AD /* UserService.swift */; };
		6011891F2C3E94380070F2AD /* AuthUser.swift in Sources */ = {isa = PBXBuildFile; fileRef = 6011891E2C3E94380070F2AD /* AuthUser.swift */; };
		601189212C3E94A60070F2AD /* AuthService.swift in Sources */ = {isa = PBXBuildFile; fileRef = 601189202C3E94A60070F2AD /* AuthService.swift */; };
		601189232C3E95D40070F2AD /* AuthNetwork.swift in Sources */ = {isa = PBXBuildFile; fileRef = 601189222C3E95D40070F2AD /* AuthNetwork.swift */; };
		601189272C3F00FB0070F2AD /* AuthChannel.swift in Sources */ = {isa = PBXBuildFile; fileRef = 601189262C3F00FB0070F2AD /* AuthChannel.swift */; };
		601189292C3F022D0070F2AD /* LoginViewModel.swift in Sources */ = {isa = PBXBuildFile; fileRef = 601189282C3F022D0070F2AD /* LoginViewModel.swift */; };
		603F040B2C2416D2008A2332 /* ImageNetwork.swift in Sources */ = {isa = PBXBuildFile; fileRef = 603F040A2C2416D2008A2332 /* ImageNetwork.swift */; };
		603F04132C26ADC6008A2332 /* CommonResponse.swift in Sources */ = {isa = PBXBuildFile; fileRef = 603F04122C26ADC6008A2332 /* CommonResponse.swift */; };
		6044B71D2C32B6A4002C13A0 /* UIImage++.swift in Sources */ = {isa = PBXBuildFile; fileRef = 6044B71C2C32B6A4002C13A0 /* UIImage++.swift */; };
		6044B7332C33F754002C13A0 /* ErrorView.swift in Sources */ = {isa = PBXBuildFile; fileRef = 6044B7322C33F754002C13A0 /* ErrorView.swift */; };
		6044B7352C3442E6002C13A0 /* NetworkError.swift in Sources */ = {isa = PBXBuildFile; fileRef = 6044B7342C3442E6002C13A0 /* NetworkError.swift */; };
		605DA0C92C07097F00CC9450 /* ImagePreviewButton.swift in Sources */ = {isa = PBXBuildFile; fileRef = 605DA0C82C07097F00CC9450 /* ImagePreviewButton.swift */; };
		605DA0CD2C070A0300CC9450 /* Camera.swift in Sources */ = {isa = PBXBuildFile; fileRef = 605DA0CC2C070A0300CC9450 /* Camera.swift */; };
		605DA0CF2C07118900CC9450 /* SubmitRouterView.swift in Sources */ = {isa = PBXBuildFile; fileRef = 605DA0CE2C07118900CC9450 /* SubmitRouterView.swift */; };
		605DA0D12C0711CA00CC9450 /* CameraView.swift in Sources */ = {isa = PBXBuildFile; fileRef = 605DA0D02C0711CA00CC9450 /* CameraView.swift */; };
		605DA0D32C0711E900CC9450 /* CameraViewModel.swift in Sources */ = {isa = PBXBuildFile; fileRef = 605DA0D22C0711E900CC9450 /* CameraViewModel.swift */; };
		605DA0D62C07123400CC9450 /* View++.swift in Sources */ = {isa = PBXBuildFile; fileRef = 605DA0D52C07123400CC9450 /* View++.swift */; };
		6060B2EA2C08947B0083944D /* Image++.swift in Sources */ = {isa = PBXBuildFile; fileRef = 6060B2E92C08947B0083944D /* Image++.swift */; };
		606292D82C19E70A0098B6D2 /* Network.swift in Sources */ = {isa = PBXBuildFile; fileRef = 606292D72C19E70A0098B6D2 /* Network.swift */; };
		606292DD2C19EAB00098B6D2 /* Alamofire in Frameworks */ = {isa = PBXBuildFile; productRef = 606292DC2C19EAB00098B6D2 /* Alamofire */; };
		606C87AF2C0B9B8C002D5C3E /* ApprovalImageView.swift in Sources */ = {isa = PBXBuildFile; fileRef = 606C87AE2C0B9B8C002D5C3E /* ApprovalImageView.swift */; };
		606C87B12C0CC89B002D5C3E /* 2406_TERMS_OF_USE.pdf in Resources */ = {isa = PBXBuildFile; fileRef = 606C87B02C0CC89B002D5C3E /* 2406_TERMS_OF_USE.pdf */; };
		607FCBD42BFA648000BB2D04 /* Tab.swift in Sources */ = {isa = PBXBuildFile; fileRef = 607FCBD32BFA648000BB2D04 /* Tab.swift */; };
		607FCBD62BFA660C00BB2D04 /* MainTabView.swift in Sources */ = {isa = PBXBuildFile; fileRef = 607FCBD52BFA660C00BB2D04 /* MainTabView.swift */; };
		607FCBD82BFA681500BB2D04 /* ApprovalView.swift in Sources */ = {isa = PBXBuildFile; fileRef = 607FCBD72BFA681500BB2D04 /* ApprovalView.swift */; };
		607FCBDD2BFA686700BB2D04 /* MyPageView.swift in Sources */ = {isa = PBXBuildFile; fileRef = 607FCBDC2BFA686700BB2D04 /* MyPageView.swift */; };
		607FCBE22BFA6A8300BB2D04 /* Buttons.swift in Sources */ = {isa = PBXBuildFile; fileRef = 607FCBE12BFA6A8300BB2D04 /* Buttons.swift */; };
		607FCBE42BFD124900BB2D04 /* QuestItemView.swift in Sources */ = {isa = PBXBuildFile; fileRef = 607FCBE32BFD124900BB2D04 /* QuestItemView.swift */; };
		607FCBE72BFD12B100BB2D04 /* QuestViewModelItem.swift in Sources */ = {isa = PBXBuildFile; fileRef = 607FCBE62BFD12B100BB2D04 /* QuestViewModelItem.swift */; };
		607FCBE92BFE418600BB2D04 /* QuestViewModel.swift in Sources */ = {isa = PBXBuildFile; fileRef = 607FCBE82BFE418600BB2D04 /* QuestViewModel.swift */; };
		607FCBEB2BFE44D900BB2D04 /* IconView.swift in Sources */ = {isa = PBXBuildFile; fileRef = 607FCBEA2BFE44D900BB2D04 /* IconView.swift */; };
		607FCC332C01AA7300BB2D04 /* SubmitAlertView.swift in Sources */ = {isa = PBXBuildFile; fileRef = 607FCC322C01AA7300BB2D04 /* SubmitAlertView.swift */; };
		608EBF9F2C39C17F00B862CC /* Dictionary++.swift in Sources */ = {isa = PBXBuildFile; fileRef = 608EBF9E2C39C17F00B862CC /* Dictionary++.swift */; };
		608EBFA12C39C5BB00B862CC /* String++.swift in Sources */ = {isa = PBXBuildFile; fileRef = 608EBFA02C39C5BB00B862CC /* String++.swift */; };
		60924DC92C48C00E00221072 /* Quest.swift in Sources */ = {isa = PBXBuildFile; fileRef = 60924DC82C48C00E00221072 /* Quest.swift */; };
		60943FE62C0A38FB00C8A714 /* ApprovalViewModel.swift in Sources */ = {isa = PBXBuildFile; fileRef = 60943FE52C0A38FB00C8A714 /* ApprovalViewModel.swift */; };
		60B8B9E72BF9EEF1005F6DE3 /* ILSANGApp.swift in Sources */ = {isa = PBXBuildFile; fileRef = 60B8B9E62BF9EEF1005F6DE3 /* ILSANGApp.swift */; };
		60B8B9E92BF9EEF1005F6DE3 /* QuestView.swift in Sources */ = {isa = PBXBuildFile; fileRef = 60B8B9E82BF9EEF1005F6DE3 /* QuestView.swift */; };
		60B8B9EB2BF9EEF3005F6DE3 /* Assets.xcassets in Resources */ = {isa = PBXBuildFile; fileRef = 60B8B9EA2BF9EEF3005F6DE3 /* Assets.xcassets */; };
		60B8B9EE2BF9EEF3005F6DE3 /* Preview Assets.xcassets in Resources */ = {isa = PBXBuildFile; fileRef = 60B8B9ED2BF9EEF3005F6DE3 /* Preview Assets.xcassets */; };
		60B8B9F82BF9EEF3005F6DE3 /* ILSANGTests.swift in Sources */ = {isa = PBXBuildFile; fileRef = 60B8B9F72BF9EEF3005F6DE3 /* ILSANGTests.swift */; };
		60B8BA022BF9EEF3005F6DE3 /* ILSANGUITests.swift in Sources */ = {isa = PBXBuildFile; fileRef = 60B8BA012BF9EEF3005F6DE3 /* ILSANGUITests.swift */; };
		60B8BA042BF9EEF3005F6DE3 /* ILSANGUITestsLaunchTests.swift in Sources */ = {isa = PBXBuildFile; fileRef = 60B8BA032BF9EEF3005F6DE3 /* ILSANGUITestsLaunchTests.swift */; };
		60B8BA112BF9EF50005F6DE3 /* Launch Screen.storyboard in Resources */ = {isa = PBXBuildFile; fileRef = 60B8BA102BF9EF50005F6DE3 /* Launch Screen.storyboard */; };
		60C6B4D52C2C565700926C0E /* ChallengeNetwork.swift in Sources */ = {isa = PBXBuildFile; fileRef = 60C6B4D42C2C565700926C0E /* ChallengeNetwork.swift */; };
		60C6B4D72C2C569800926C0E /* Challenge.swift in Sources */ = {isa = PBXBuildFile; fileRef = 60C6B4D62C2C569800926C0E /* Challenge.swift */; };
		60C6B4DC2C2D042700926C0E /* Image.swift in Sources */ = {isa = PBXBuildFile; fileRef = 60C6B4DB2C2D042700926C0E /* Image.swift */; };
		60C6B4DF2C2D053600926C0E /* SubmitRouterViewModel.swift in Sources */ = {isa = PBXBuildFile; fileRef = 60C6B4DE2C2D053600926C0E /* SubmitRouterViewModel.swift */; };
		60C6B4E12C2D1C0100926C0E /* SubmitAlertViewModel.swift in Sources */ = {isa = PBXBuildFile; fileRef = 60C6B4E02C2D1C0100926C0E /* SubmitAlertViewModel.swift */; };
		60DADF552C6B4EC7001A0B3A /* Data++.swift in Sources */ = {isa = PBXBuildFile; fileRef = 60DADF542C6B4EC7001A0B3A /* Data++.swift */; };
		A142E0312C2D9F37004395F8 /* SettingAlertView.swift in Sources */ = {isa = PBXBuildFile; fileRef = A142E0302C2D9F37004395F8 /* SettingAlertView.swift */; };
		A1501B082C48C3C6001410E1 /* MyPageActiveList.swift in Sources */ = {isa = PBXBuildFile; fileRef = A1501B072C48C3C6001410E1 /* MyPageActiveList.swift */; };
		A1501B0A2C48C3E5001410E1 /* MyPageBadgeList.swift in Sources */ = {isa = PBXBuildFile; fileRef = A1501B092C48C3E5001410E1 /* MyPageBadgeList.swift */; };
		A1868C442C09B6C50020BF16 /* DetailQuestview.swift in Sources */ = {isa = PBXBuildFile; fileRef = A1868C432C09B6C50020BF16 /* DetailQuestview.swift */; };
		A18EB9B02C26B61C00405D56 /* WithdrawNetwork.swift in Sources */ = {isa = PBXBuildFile; fileRef = A18EB9AF2C26B61C00405D56 /* WithdrawNetwork.swift */; };
		A18EB9B22C26B62E00405D56 /* LogoutNetwork.swift in Sources */ = {isa = PBXBuildFile; fileRef = A18EB9B12C26B62E00405D56 /* LogoutNetwork.swift */; };
		A18EB9B42C26B6C200405D56 /* Logout.swift in Sources */ = {isa = PBXBuildFile; fileRef = A18EB9B32C26B6C200405D56 /* Logout.swift */; };
		A18EB9B62C26B6D100405D56 /* Withdraw.swift in Sources */ = {isa = PBXBuildFile; fileRef = A18EB9B52C26B6D100405D56 /* Withdraw.swift */; };
		A19628622C0763F90037C53A /* ChangeNickNameView.swift in Sources */ = {isa = PBXBuildFile; fileRef = A19628612C0763F90037C53A /* ChangeNickNameView.swift */; };
		A19628652C076D7B0037C53A /* SettingView.swift in Sources */ = {isa = PBXBuildFile; fileRef = A19628642C076D7B0037C53A /* SettingView.swift */; };
		A19628692C0775A70037C53A /* Setting.swift in Sources */ = {isa = PBXBuildFile; fileRef = A19628682C0775A70037C53A /* Setting.swift */; };
		A196286B2C0859730037C53A /* CustomerServiceView.swift in Sources */ = {isa = PBXBuildFile; fileRef = A196286A2C0859730037C53A /* CustomerServiceView.swift */; };
		A196286D2C0859820037C53A /* TermsAndPolicyView.swift in Sources */ = {isa = PBXBuildFile; fileRef = A196286C2C0859820037C53A /* TermsAndPolicyView.swift */; };
		A196286F2C0859910037C53A /* DeleteAccountView.swift in Sources */ = {isa = PBXBuildFile; fileRef = A196286E2C0859910037C53A /* DeleteAccountView.swift */; };
		A19628752C08648C0037C53A /* NavigationTitleView.swift in Sources */ = {isa = PBXBuildFile; fileRef = A19628742C08648C0037C53A /* NavigationTitleView.swift */; };
		A1AB3D5D2C113A70001EB9D8 /* LoginView.swift in Sources */ = {isa = PBXBuildFile; fileRef = A1AB3D5C2C113A70001EB9D8 /* LoginView.swift */; };
		A1AB3D682C1141B3001EB9D8 /* GoogleLoginButtonView.swift in Sources */ = {isa = PBXBuildFile; fileRef = A1AB3D652C1141B3001EB9D8 /* GoogleLoginButtonView.swift */; };
		A1AB3D692C1141B3001EB9D8 /* KakaoLoginButtonView.swift in Sources */ = {isa = PBXBuildFile; fileRef = A1AB3D662C1141B3001EB9D8 /* KakaoLoginButtonView.swift */; };
		A1AB3D6A2C1141B3001EB9D8 /* AppleLoginButtonView.swift in Sources */ = {isa = PBXBuildFile; fileRef = A1AB3D672C1141B3001EB9D8 /* AppleLoginButtonView.swift */; };
		A1AB3D6C2C1142AA001EB9D8 /* LoginButton.swift in Sources */ = {isa = PBXBuildFile; fileRef = A1AB3D6B2C1142AA001EB9D8 /* LoginButton.swift */; };
		A1AB3D6E2C117569001EB9D8 /* Color.swift in Sources */ = {isa = PBXBuildFile; fileRef = A1AB3D6D2C117569001EB9D8 /* Color.swift */; };
		A1BB60262BFE05B000AAADD4 /* MyPageSegmenet.swift in Sources */ = {isa = PBXBuildFile; fileRef = A1BB60252BFE05B000AAADD4 /* MyPageSegmenet.swift */; };
		A1BB60282BFE129000AAADD4 /* MyPageQuestList.swift in Sources */ = {isa = PBXBuildFile; fileRef = A1BB60272BFE129000AAADD4 /* MyPageQuestList.swift */; };
		A1BB602C2BFF145100AAADD4 /* MyPageProfile.swift in Sources */ = {isa = PBXBuildFile; fileRef = A1BB602B2BFF145100AAADD4 /* MyPageProfile.swift */; };
		A1BB602E2C022A9900AAADD4 /* UserData.swift in Sources */ = {isa = PBXBuildFile; fileRef = A1BB602D2C022A9900AAADD4 /* UserData.swift */; };
		A1C6422A2C33F55A004954CA /* QuestNetwork.swift in Sources */ = {isa = PBXBuildFile; fileRef = A1C642292C33F55A004954CA /* QuestNetwork.swift */; };
		A1F770642C2AABCE00DB24A0 /* MypageViewModel.swift in Sources */ = {isa = PBXBuildFile; fileRef = A1F770632C2AABCE00DB24A0 /* MypageViewModel.swift */; };
		A1FF916E2C250C3B00F03E4B /* UserNetwork.swift in Sources */ = {isa = PBXBuildFile; fileRef = A1FF916D2C250C3B00F03E4B /* UserNetwork.swift */; };
		A1FF91702C25119200F03E4B /* XPNetwork.swift in Sources */ = {isa = PBXBuildFile; fileRef = A1FF916F2C25119200F03E4B /* XPNetwork.swift */; };
		A1FF91722C257E9A00F03E4B /* User.swift in Sources */ = {isa = PBXBuildFile; fileRef = A1FF91712C257E9A00F03E4B /* User.swift */; };
		A1FF91742C257F6400F03E4B /* XP.swift in Sources */ = {isa = PBXBuildFile; fileRef = A1FF91732C257F6400F03E4B /* XP.swift */; };
/* End PBXBuildFile section */

/* Begin PBXContainerItemProxy section */
        60B8B9F42BF9EEF3005F6DE3 /* PBXContainerItemProxy */ = {
            isa = PBXContainerItemProxy;
            containerPortal = 60B8B9DB2BF9EEF1005F6DE3 /* Project object */;
            proxyType = 1;
            remoteGlobalIDString = 60B8B9E22BF9EEF1005F6DE3;
            remoteInfo = ILSANG;
        };
        60B8B9FE2BF9EEF3005F6DE3 /* PBXContainerItemProxy */ = {
            isa = PBXContainerItemProxy;
            containerPortal = 60B8B9DB2BF9EEF1005F6DE3 /* Project object */;
            proxyType = 1;
            remoteGlobalIDString = 60B8B9E22BF9EEF1005F6DE3;
            remoteInfo = ILSANG;
        };
/* End PBXContainerItemProxy section */

/* Begin PBXFileReference section */
		600211E72C1EED40000CC02E /* Emoji.swift */ = {isa = PBXFileReference; lastKnownFileType = sourcecode.swift; path = Emoji.swift; sourceTree = "<group>"; };
		600211E92C1EEE6D000CC02E /* APITarget.swift */ = {isa = PBXFileReference; lastKnownFileType = sourcecode.swift; path = APITarget.swift; sourceTree = "<group>"; };
		600211EB2C1EEED7000CC02E /* APIManager.swift */ = {isa = PBXFileReference; lastKnownFileType = sourcecode.swift; path = APIManager.swift; sourceTree = "<group>"; };
		600211ED2C1EEF91000CC02E /* EmojiNetwork.swift */ = {isa = PBXFileReference; lastKnownFileType = sourcecode.swift; path = EmojiNetwork.swift; sourceTree = "<group>"; };
		600D83A32C7B1FA4005C93E2 /* PaginationManager.swift */ = {isa = PBXFileReference; lastKnownFileType = sourcecode.swift; path = PaginationManager.swift; sourceTree = "<group>"; };
		601189182C3E84720070F2AD /* ILSANG.entitlements */ = {isa = PBXFileReference; lastKnownFileType = text.plist.entitlements; path = ILSANG.entitlements; sourceTree = "<group>"; };
		6011891C2C3E8B3B0070F2AD /* UserService.swift */ = {isa = PBXFileReference; lastKnownFileType = sourcecode.swift; path = UserService.swift; sourceTree = "<group>"; };
		6011891E2C3E94380070F2AD /* AuthUser.swift */ = {isa = PBXFileReference; lastKnownFileType = sourcecode.swift; path = AuthUser.swift; sourceTree = "<group>"; };
		601189202C3E94A60070F2AD /* AuthService.swift */ = {isa = PBXFileReference; lastKnownFileType = sourcecode.swift; path = AuthService.swift; sourceTree = "<group>"; };
		601189222C3E95D40070F2AD /* AuthNetwork.swift */ = {isa = PBXFileReference; lastKnownFileType = sourcecode.swift; path = AuthNetwork.swift; sourceTree = "<group>"; };
		601189262C3F00FB0070F2AD /* AuthChannel.swift */ = {isa = PBXFileReference; lastKnownFileType = sourcecode.swift; path = AuthChannel.swift; sourceTree = "<group>"; };
		601189282C3F022D0070F2AD /* LoginViewModel.swift */ = {isa = PBXFileReference; lastKnownFileType = sourcecode.swift; path = LoginViewModel.swift; sourceTree = "<group>"; };
		603F040A2C2416D2008A2332 /* ImageNetwork.swift */ = {isa = PBXFileReference; lastKnownFileType = sourcecode.swift; path = ImageNetwork.swift; sourceTree = "<group>"; };
		603F04122C26ADC6008A2332 /* CommonResponse.swift */ = {isa = PBXFileReference; lastKnownFileType = sourcecode.swift; path = CommonResponse.swift; sourceTree = "<group>"; };
		6044B71C2C32B6A4002C13A0 /* UIImage++.swift */ = {isa = PBXFileReference; lastKnownFileType = sourcecode.swift; path = "UIImage++.swift"; sourceTree = "<group>"; };
		6044B7322C33F754002C13A0 /* ErrorView.swift */ = {isa = PBXFileReference; lastKnownFileType = sourcecode.swift; path = ErrorView.swift; sourceTree = "<group>"; };
		6044B7342C3442E6002C13A0 /* NetworkError.swift */ = {isa = PBXFileReference; lastKnownFileType = sourcecode.swift; path = NetworkError.swift; sourceTree = "<group>"; };
		605DA0C82C07097F00CC9450 /* ImagePreviewButton.swift */ = {isa = PBXFileReference; lastKnownFileType = sourcecode.swift; path = ImagePreviewButton.swift; sourceTree = "<group>"; };
		605DA0CC2C070A0300CC9450 /* Camera.swift */ = {isa = PBXFileReference; lastKnownFileType = sourcecode.swift; path = Camera.swift; sourceTree = "<group>"; };
		605DA0CE2C07118900CC9450 /* SubmitRouterView.swift */ = {isa = PBXFileReference; lastKnownFileType = sourcecode.swift; path = SubmitRouterView.swift; sourceTree = "<group>"; };
		605DA0D02C0711CA00CC9450 /* CameraView.swift */ = {isa = PBXFileReference; lastKnownFileType = sourcecode.swift; path = CameraView.swift; sourceTree = "<group>"; };
		605DA0D22C0711E900CC9450 /* CameraViewModel.swift */ = {isa = PBXFileReference; lastKnownFileType = sourcecode.swift; path = CameraViewModel.swift; sourceTree = "<group>"; };
		605DA0D52C07123400CC9450 /* View++.swift */ = {isa = PBXFileReference; lastKnownFileType = sourcecode.swift; path = "View++.swift"; sourceTree = "<group>"; };
		6060B2E92C08947B0083944D /* Image++.swift */ = {isa = PBXFileReference; lastKnownFileType = sourcecode.swift; path = "Image++.swift"; sourceTree = "<group>"; };
		606292D72C19E70A0098B6D2 /* Network.swift */ = {isa = PBXFileReference; lastKnownFileType = sourcecode.swift; path = Network.swift; sourceTree = "<group>"; };
		606C87AE2C0B9B8C002D5C3E /* ApprovalImageView.swift */ = {isa = PBXFileReference; lastKnownFileType = sourcecode.swift; path = ApprovalImageView.swift; sourceTree = "<group>"; };
		606C87B02C0CC89B002D5C3E /* 2406_TERMS_OF_USE.pdf */ = {isa = PBXFileReference; lastKnownFileType = image.pdf; path = 2406_TERMS_OF_USE.pdf; sourceTree = "<group>"; };
		607FCBD32BFA648000BB2D04 /* Tab.swift */ = {isa = PBXFileReference; lastKnownFileType = sourcecode.swift; path = Tab.swift; sourceTree = "<group>"; };
		607FCBD52BFA660C00BB2D04 /* MainTabView.swift */ = {isa = PBXFileReference; lastKnownFileType = sourcecode.swift; path = MainTabView.swift; sourceTree = "<group>"; };
		607FCBD72BFA681500BB2D04 /* ApprovalView.swift */ = {isa = PBXFileReference; lastKnownFileType = sourcecode.swift; path = ApprovalView.swift; sourceTree = "<group>"; };
		607FCBDC2BFA686700BB2D04 /* MyPageView.swift */ = {isa = PBXFileReference; lastKnownFileType = sourcecode.swift; path = MyPageView.swift; sourceTree = "<group>"; };
		607FCBE12BFA6A8300BB2D04 /* Buttons.swift */ = {isa = PBXFileReference; lastKnownFileType = sourcecode.swift; path = Buttons.swift; sourceTree = "<group>"; };
		607FCBE32BFD124900BB2D04 /* QuestItemView.swift */ = {isa = PBXFileReference; lastKnownFileType = sourcecode.swift; path = QuestItemView.swift; sourceTree = "<group>"; };
		607FCBE62BFD12B100BB2D04 /* QuestViewModelItem.swift */ = {isa = PBXFileReference; lastKnownFileType = sourcecode.swift; path = QuestViewModelItem.swift; sourceTree = "<group>"; };
		607FCBE82BFE418600BB2D04 /* QuestViewModel.swift */ = {isa = PBXFileReference; lastKnownFileType = sourcecode.swift; path = QuestViewModel.swift; sourceTree = "<group>"; };
		607FCBEA2BFE44D900BB2D04 /* IconView.swift */ = {isa = PBXFileReference; lastKnownFileType = sourcecode.swift; path = IconView.swift; sourceTree = "<group>"; };
		607FCC322C01AA7300BB2D04 /* SubmitAlertView.swift */ = {isa = PBXFileReference; lastKnownFileType = sourcecode.swift; path = SubmitAlertView.swift; sourceTree = "<group>"; };
		608EBF9E2C39C17F00B862CC /* Dictionary++.swift */ = {isa = PBXFileReference; lastKnownFileType = sourcecode.swift; path = "Dictionary++.swift"; sourceTree = "<group>"; };
		608EBFA02C39C5BB00B862CC /* String++.swift */ = {isa = PBXFileReference; lastKnownFileType = sourcecode.swift; path = "String++.swift"; sourceTree = "<group>"; };
		60924DC82C48C00E00221072 /* Quest.swift */ = {isa = PBXFileReference; lastKnownFileType = sourcecode.swift; path = Quest.swift; sourceTree = "<group>"; };
		60943FE52C0A38FB00C8A714 /* ApprovalViewModel.swift */ = {isa = PBXFileReference; lastKnownFileType = sourcecode.swift; path = ApprovalViewModel.swift; sourceTree = "<group>"; };
		60B8B9E32BF9EEF1005F6DE3 /* ILSANG.app */ = {isa = PBXFileReference; explicitFileType = wrapper.application; includeInIndex = 0; path = ILSANG.app; sourceTree = BUILT_PRODUCTS_DIR; };
		60B8B9E62BF9EEF1005F6DE3 /* ILSANGApp.swift */ = {isa = PBXFileReference; lastKnownFileType = sourcecode.swift; path = ILSANGApp.swift; sourceTree = "<group>"; };
		60B8B9E82BF9EEF1005F6DE3 /* QuestView.swift */ = {isa = PBXFileReference; lastKnownFileType = sourcecode.swift; path = QuestView.swift; sourceTree = "<group>"; };
		60B8B9EA2BF9EEF3005F6DE3 /* Assets.xcassets */ = {isa = PBXFileReference; lastKnownFileType = folder.assetcatalog; path = Assets.xcassets; sourceTree = "<group>"; };
		60B8B9ED2BF9EEF3005F6DE3 /* Preview Assets.xcassets */ = {isa = PBXFileReference; lastKnownFileType = folder.assetcatalog; path = "Preview Assets.xcassets"; sourceTree = "<group>"; };
		60B8B9F32BF9EEF3005F6DE3 /* ILSANGTests.xctest */ = {isa = PBXFileReference; explicitFileType = wrapper.cfbundle; includeInIndex = 0; path = ILSANGTests.xctest; sourceTree = BUILT_PRODUCTS_DIR; };
		60B8B9F72BF9EEF3005F6DE3 /* ILSANGTests.swift */ = {isa = PBXFileReference; lastKnownFileType = sourcecode.swift; path = ILSANGTests.swift; sourceTree = "<group>"; };
		60B8B9FD2BF9EEF3005F6DE3 /* ILSANGUITests.xctest */ = {isa = PBXFileReference; explicitFileType = wrapper.cfbundle; includeInIndex = 0; path = ILSANGUITests.xctest; sourceTree = BUILT_PRODUCTS_DIR; };
		60B8BA012BF9EEF3005F6DE3 /* ILSANGUITests.swift */ = {isa = PBXFileReference; lastKnownFileType = sourcecode.swift; path = ILSANGUITests.swift; sourceTree = "<group>"; };
		60B8BA032BF9EEF3005F6DE3 /* ILSANGUITestsLaunchTests.swift */ = {isa = PBXFileReference; lastKnownFileType = sourcecode.swift; path = ILSANGUITestsLaunchTests.swift; sourceTree = "<group>"; };
		60B8BA102BF9EF50005F6DE3 /* Launch Screen.storyboard */ = {isa = PBXFileReference; lastKnownFileType = file.storyboard; path = "Launch Screen.storyboard"; sourceTree = "<group>"; };
		60B8BA142BF9F354005F6DE3 /* Info.plist */ = {isa = PBXFileReference; lastKnownFileType = text.plist; path = Info.plist; sourceTree = "<group>"; };
		60C6B4D42C2C565700926C0E /* ChallengeNetwork.swift */ = {isa = PBXFileReference; lastKnownFileType = sourcecode.swift; path = ChallengeNetwork.swift; sourceTree = "<group>"; };
		60C6B4D62C2C569800926C0E /* Challenge.swift */ = {isa = PBXFileReference; lastKnownFileType = sourcecode.swift; path = Challenge.swift; sourceTree = "<group>"; };
		60C6B4DB2C2D042700926C0E /* Image.swift */ = {isa = PBXFileReference; fileEncoding = 4; lastKnownFileType = sourcecode.swift; path = Image.swift; sourceTree = "<group>"; };
		60C6B4DE2C2D053600926C0E /* SubmitRouterViewModel.swift */ = {isa = PBXFileReference; lastKnownFileType = sourcecode.swift; path = SubmitRouterViewModel.swift; sourceTree = "<group>"; };
		60C6B4E02C2D1C0100926C0E /* SubmitAlertViewModel.swift */ = {isa = PBXFileReference; lastKnownFileType = sourcecode.swift; path = SubmitAlertViewModel.swift; sourceTree = "<group>"; };
		60DADF542C6B4EC7001A0B3A /* Data++.swift */ = {isa = PBXFileReference; lastKnownFileType = sourcecode.swift; path = "Data++.swift"; sourceTree = "<group>"; };
		A142E0302C2D9F37004395F8 /* SettingAlertView.swift */ = {isa = PBXFileReference; lastKnownFileType = sourcecode.swift; path = SettingAlertView.swift; sourceTree = "<group>"; };
		A1501B072C48C3C6001410E1 /* MyPageActiveList.swift */ = {isa = PBXFileReference; lastKnownFileType = sourcecode.swift; path = MyPageActiveList.swift; sourceTree = "<group>"; };
		A1501B092C48C3E5001410E1 /* MyPageBadgeList.swift */ = {isa = PBXFileReference; lastKnownFileType = sourcecode.swift; path = MyPageBadgeList.swift; sourceTree = "<group>"; };
		A1868C432C09B6C50020BF16 /* DetailQuestview.swift */ = {isa = PBXFileReference; lastKnownFileType = sourcecode.swift; path = DetailQuestview.swift; sourceTree = "<group>"; };
		A18EB9AF2C26B61C00405D56 /* WithdrawNetwork.swift */ = {isa = PBXFileReference; lastKnownFileType = sourcecode.swift; path = WithdrawNetwork.swift; sourceTree = "<group>"; };
		A18EB9B12C26B62E00405D56 /* LogoutNetwork.swift */ = {isa = PBXFileReference; lastKnownFileType = sourcecode.swift; path = LogoutNetwork.swift; sourceTree = "<group>"; };
		A18EB9B32C26B6C200405D56 /* Logout.swift */ = {isa = PBXFileReference; lastKnownFileType = sourcecode.swift; path = Logout.swift; sourceTree = "<group>"; };
		A18EB9B52C26B6D100405D56 /* Withdraw.swift */ = {isa = PBXFileReference; lastKnownFileType = sourcecode.swift; path = Withdraw.swift; sourceTree = "<group>"; };
		A19628612C0763F90037C53A /* ChangeNickNameView.swift */ = {isa = PBXFileReference; lastKnownFileType = sourcecode.swift; path = ChangeNickNameView.swift; sourceTree = "<group>"; };
		A19628642C076D7B0037C53A /* SettingView.swift */ = {isa = PBXFileReference; lastKnownFileType = sourcecode.swift; path = SettingView.swift; sourceTree = "<group>"; };
		A19628682C0775A70037C53A /* Setting.swift */ = {isa = PBXFileReference; lastKnownFileType = sourcecode.swift; path = Setting.swift; sourceTree = "<group>"; };
		A196286A2C0859730037C53A /* CustomerServiceView.swift */ = {isa = PBXFileReference; lastKnownFileType = sourcecode.swift; path = CustomerServiceView.swift; sourceTree = "<group>"; };
		A196286C2C0859820037C53A /* TermsAndPolicyView.swift */ = {isa = PBXFileReference; lastKnownFileType = sourcecode.swift; path = TermsAndPolicyView.swift; sourceTree = "<group>"; };
		A196286E2C0859910037C53A /* DeleteAccountView.swift */ = {isa = PBXFileReference; lastKnownFileType = sourcecode.swift; path = DeleteAccountView.swift; sourceTree = "<group>"; };
		A19628742C08648C0037C53A /* NavigationTitleView.swift */ = {isa = PBXFileReference; lastKnownFileType = sourcecode.swift; path = NavigationTitleView.swift; sourceTree = "<group>"; };
		A1AB3D5C2C113A70001EB9D8 /* LoginView.swift */ = {isa = PBXFileReference; lastKnownFileType = sourcecode.swift; path = LoginView.swift; sourceTree = "<group>"; };
		A1AB3D652C1141B3001EB9D8 /* GoogleLoginButtonView.swift */ = {isa = PBXFileReference; fileEncoding = 4; lastKnownFileType = sourcecode.swift; path = GoogleLoginButtonView.swift; sourceTree = "<group>"; };
		A1AB3D662C1141B3001EB9D8 /* KakaoLoginButtonView.swift */ = {isa = PBXFileReference; fileEncoding = 4; lastKnownFileType = sourcecode.swift; path = KakaoLoginButtonView.swift; sourceTree = "<group>"; };
		A1AB3D672C1141B3001EB9D8 /* AppleLoginButtonView.swift */ = {isa = PBXFileReference; fileEncoding = 4; lastKnownFileType = sourcecode.swift; path = AppleLoginButtonView.swift; sourceTree = "<group>"; };
		A1AB3D6B2C1142AA001EB9D8 /* LoginButton.swift */ = {isa = PBXFileReference; fileEncoding = 4; lastKnownFileType = sourcecode.swift; path = LoginButton.swift; sourceTree = "<group>"; };
		A1AB3D6D2C117569001EB9D8 /* Color.swift */ = {isa = PBXFileReference; lastKnownFileType = sourcecode.swift; path = Color.swift; sourceTree = "<group>"; };
		A1BB60252BFE05B000AAADD4 /* MyPageSegmenet.swift */ = {isa = PBXFileReference; lastKnownFileType = sourcecode.swift; path = MyPageSegmenet.swift; sourceTree = "<group>"; };
		A1BB60272BFE129000AAADD4 /* MyPageQuestList.swift */ = {isa = PBXFileReference; lastKnownFileType = sourcecode.swift; path = MyPageQuestList.swift; sourceTree = "<group>"; };
		A1BB602B2BFF145100AAADD4 /* MyPageProfile.swift */ = {isa = PBXFileReference; lastKnownFileType = sourcecode.swift; path = MyPageProfile.swift; sourceTree = "<group>"; };
		A1BB602D2C022A9900AAADD4 /* UserData.swift */ = {isa = PBXFileReference; lastKnownFileType = sourcecode.swift; path = UserData.swift; sourceTree = "<group>"; };
		A1C642292C33F55A004954CA /* QuestNetwork.swift */ = {isa = PBXFileReference; lastKnownFileType = sourcecode.swift; path = QuestNetwork.swift; sourceTree = "<group>"; };
		A1EB63392C132AC100B63F9C /* Roboto-Medium.ttf */ = {isa = PBXFileReference; lastKnownFileType = file; path = "Roboto-Medium.ttf"; sourceTree = "<group>"; };
		A1EB633A2C132B0800B63F9C /* SFPRODISPLAYREGULAR.otf */ = {isa = PBXFileReference; lastKnownFileType = file; path = SFPRODISPLAYREGULAR.otf; sourceTree = "<group>"; };
		A1F770632C2AABCE00DB24A0 /* MypageViewModel.swift */ = {isa = PBXFileReference; lastKnownFileType = sourcecode.swift; path = MypageViewModel.swift; sourceTree = "<group>"; };
		A1FF916D2C250C3B00F03E4B /* UserNetwork.swift */ = {isa = PBXFileReference; lastKnownFileType = sourcecode.swift; path = UserNetwork.swift; sourceTree = "<group>"; };
		A1FF916F2C25119200F03E4B /* XPNetwork.swift */ = {isa = PBXFileReference; lastKnownFileType = sourcecode.swift; path = XPNetwork.swift; sourceTree = "<group>"; };
		A1FF91712C257E9A00F03E4B /* User.swift */ = {isa = PBXFileReference; lastKnownFileType = sourcecode.swift; path = User.swift; sourceTree = "<group>"; };
		A1FF91732C257F6400F03E4B /* XP.swift */ = {isa = PBXFileReference; lastKnownFileType = sourcecode.swift; path = XP.swift; sourceTree = "<group>"; };
/* End PBXFileReference section */

/* Begin PBXFrameworksBuildPhase section */
        60B8B9E02BF9EEF1005F6DE3 /* Frameworks */ = {
            isa = PBXFrameworksBuildPhase;
            buildActionMask = 2147483647;
            files = (
                606292DD2C19EAB00098B6D2 /* Alamofire in Frameworks */,
            );
            runOnlyForDeploymentPostprocessing = 0;
        };
        60B8B9F02BF9EEF3005F6DE3 /* Frameworks */ = {
            isa = PBXFrameworksBuildPhase;
            buildActionMask = 2147483647;
            files = (
            );
            runOnlyForDeploymentPostprocessing = 0;
        };
        60B8B9FA2BF9EEF3005F6DE3 /* Frameworks */ = {
            isa = PBXFrameworksBuildPhase;
            buildActionMask = 2147483647;
            files = (
            );
            runOnlyForDeploymentPostprocessing = 0;
        };
/* End PBXFrameworksBuildPhase section */

/* Begin PBXGroup section */
		600211E62C1EED2B000CC02E /* Model */ = {
			isa = PBXGroup;
			children = (
				60C6B4DB2C2D042700926C0E /* Image.swift */,
				600211E72C1EED40000CC02E /* Emoji.swift */,
				A1FF91712C257E9A00F03E4B /* User.swift */,
				A1FF91732C257F6400F03E4B /* XP.swift */,
				60C6B4D62C2C569800926C0E /* Challenge.swift */,
				A18EB9B32C26B6C200405D56 /* Logout.swift */,
				A18EB9B52C26B6D100405D56 /* Withdraw.swift */,
				60924DC82C48C00E00221072 /* Quest.swift */,
				6011891E2C3E94380070F2AD /* AuthUser.swift */,
			);
			path = Model;
			sourceTree = "<group>";
		};
		600211EF2C1EF3F5000CC02E /* Base */ = {
			isa = PBXGroup;
			children = (
				606292D72C19E70A0098B6D2 /* Network.swift */,
				6044B7342C3442E6002C13A0 /* NetworkError.swift */,
				600211EB2C1EEED7000CC02E /* APIManager.swift */,
				600211E92C1EEE6D000CC02E /* APITarget.swift */,
				603F04122C26ADC6008A2332 /* CommonResponse.swift */,
			);
			path = Base;
			sourceTree = "<group>";
		};
		600D83A22C7B1F7E005C93E2 /* Manager */ = {
			isa = PBXGroup;
			children = (
				600D83A32C7B1FA4005C93E2 /* PaginationManager.swift */,
			);
			path = Manager;
			sourceTree = "<group>";
		};
		6011891B2C3E8B2B0070F2AD /* Service */ = {
			isa = PBXGroup;
			children = (
				6011891C2C3E8B3B0070F2AD /* UserService.swift */,
				601189202C3E94A60070F2AD /* AuthService.swift */,
			);
			path = Service;
			sourceTree = "<group>";
		};
		605DA0D42C07122200CC9450 /* Extension */ = {
			isa = PBXGroup;
			children = (
				60DADF542C6B4EC7001A0B3A /* Data++.swift */,
				608EBF9E2C39C17F00B862CC /* Dictionary++.swift */,
				605DA0D52C07123400CC9450 /* View++.swift */,
				6060B2E92C08947B0083944D /* Image++.swift */,
				6044B71C2C32B6A4002C13A0 /* UIImage++.swift */,
				608EBFA02C39C5BB00B862CC /* String++.swift */,
			);
			path = Extension;
			sourceTree = "<group>";
		};
		6060B2EB2C08D0C80083944D /* Camera */ = {
			isa = PBXGroup;
			children = (
				605DA0CC2C070A0300CC9450 /* Camera.swift */,
				605DA0D02C0711CA00CC9450 /* CameraView.swift */,
				605DA0D22C0711E900CC9450 /* CameraViewModel.swift */,
				605DA0C82C07097F00CC9450 /* ImagePreviewButton.swift */,
			);
			path = Camera;
			sourceTree = "<group>";
		};
		606292D62C19E6C00098B6D2 /* Network */ = {
			isa = PBXGroup;
			children = (
				600211EF2C1EF3F5000CC02E /* Base */,
				601189222C3E95D40070F2AD /* AuthNetwork.swift */,
				600211ED2C1EEF91000CC02E /* EmojiNetwork.swift */,
				A1FF916D2C250C3B00F03E4B /* UserNetwork.swift */,
				A1FF916F2C25119200F03E4B /* XPNetwork.swift */,
				A18EB9B12C26B62E00405D56 /* LogoutNetwork.swift */,
				A18EB9AF2C26B61C00405D56 /* WithdrawNetwork.swift */,
				603F040A2C2416D2008A2332 /* ImageNetwork.swift */,
				60C6B4D42C2C565700926C0E /* ChallengeNetwork.swift */,
				A1C642292C33F55A004954CA /* QuestNetwork.swift */,
			);
			path = Network;
			sourceTree = "<group>";
		};
		607FCBD22BFA645100BB2D04 /* Router */ = {
			isa = PBXGroup;
			children = (
				607FCBD32BFA648000BB2D04 /* Tab.swift */,
				607FCBD52BFA660C00BB2D04 /* MainTabView.swift */,
			);
			path = Router;
			sourceTree = "<group>";
		};
		607FCBD92BFA681800BB2D04 /* Quest */ = {
			isa = PBXGroup;
			children = (
				60B8B9E82BF9EEF1005F6DE3 /* QuestView.swift */,
				607FCBE82BFE418600BB2D04 /* QuestViewModel.swift */,
				607FCBE62BFD12B100BB2D04 /* QuestViewModelItem.swift */,
				607FCBE32BFD124900BB2D04 /* QuestItemView.swift */,
				A1868C432C09B6C50020BF16 /* DetailQuestview.swift */,
				60C6B4DD2C2D046000926C0E /* Submit */,
				6060B2EB2C08D0C80083944D /* Camera */,
			);
			path = Quest;
			sourceTree = "<group>";
		};
		607FCBDA2BFA681F00BB2D04 /* Approval */ = {
			isa = PBXGroup;
			children = (
				607FCBD72BFA681500BB2D04 /* ApprovalView.swift */,
				606C87AE2C0B9B8C002D5C3E /* ApprovalImageView.swift */,
				60943FE52C0A38FB00C8A714 /* ApprovalViewModel.swift */,
			);
			path = Approval;
			sourceTree = "<group>";
		};
		607FCBDB2BFA682800BB2D04 /* MyPage */ = {
			isa = PBXGroup;
			children = (
				607FCBDC2BFA686700BB2D04 /* MyPageView.swift */,
				A1BB60252BFE05B000AAADD4 /* MyPageSegmenet.swift */,
				A1BB60272BFE129000AAADD4 /* MyPageQuestList.swift */,
				A1BB602B2BFF145100AAADD4 /* MyPageProfile.swift */,
				A1F770632C2AABCE00DB24A0 /* MypageViewModel.swift */,
				A1501B072C48C3C6001410E1 /* MyPageActiveList.swift */,
				A1501B092C48C3E5001410E1 /* MyPageBadgeList.swift */,
			);
			path = MyPage;
			sourceTree = "<group>";
		};
		607FCBDE2BFA693F00BB2D04 /* Views */ = {
			isa = PBXGroup;
			children = (
				A1AB3D5E2C113A7D001EB9D8 /* Login */,
				A19628632C076D5A0037C53A /* Setting */,
				A19628602C0763CB0037C53A /* NickName */,
				60B8B9E62BF9EEF1005F6DE3 /* ILSANGApp.swift */,
				607FCBD22BFA645100BB2D04 /* Router */,
				607FCBD92BFA681800BB2D04 /* Quest */,
				607FCBDA2BFA681F00BB2D04 /* Approval */,
				607FCBDB2BFA682800BB2D04 /* MyPage */,
			);
			path = Views;
			sourceTree = "<group>";
		};
		607FCBDF2BFA69E600BB2D04 /* Global */ = {
			isa = PBXGroup;
			children = (
				A19628732C08647F0037C53A /* View */,
				607FCBE52BFD129E00BB2D04 /* Model */,
				A1AB3D6D2C117569001EB9D8 /* Color.swift */,
			);
			path = Global;
			sourceTree = "<group>";
		};
		607FCBE02BFA6A6100BB2D04 /* Component */ = {
			isa = PBXGroup;
			children = (
				607FCBE12BFA6A8300BB2D04 /* Buttons.swift */,
				607FCBEA2BFE44D900BB2D04 /* IconView.swift */,
			);
			path = Component;
			sourceTree = "<group>";
		};
		607FCBE52BFD129E00BB2D04 /* Model */ = {
			isa = PBXGroup;
			children = (
				A1BB602D2C022A9900AAADD4 /* UserData.swift */,
				A19628682C0775A70037C53A /* Setting.swift */,
				A1AB3D6B2C1142AA001EB9D8 /* LoginButton.swift */,
				601189262C3F00FB0070F2AD /* AuthChannel.swift */,
			);
			path = Model;
			sourceTree = "<group>";
		};
		60B8B9DA2BF9EEF1005F6DE3 = {
			isa = PBXGroup;
			children = (
				60B8B9E52BF9EEF1005F6DE3 /* ILSANG */,
				60B8B9F62BF9EEF3005F6DE3 /* ILSANGTests */,
				60B8BA002BF9EEF3005F6DE3 /* ILSANGUITests */,
				60B8B9E42BF9EEF1005F6DE3 /* Products */,
			);
			sourceTree = "<group>";
		};
		60B8B9E42BF9EEF1005F6DE3 /* Products */ = {
			isa = PBXGroup;
			children = (
				60B8B9E32BF9EEF1005F6DE3 /* ILSANG.app */,
				60B8B9F32BF9EEF3005F6DE3 /* ILSANGTests.xctest */,
				60B8B9FD2BF9EEF3005F6DE3 /* ILSANGUITests.xctest */,
			);
			name = Products;
			sourceTree = "<group>";
		};
		60B8B9E52BF9EEF1005F6DE3 /* ILSANG */ = {
			isa = PBXGroup;
			children = (
				601189182C3E84720070F2AD /* ILSANG.entitlements */,
				60B8BA142BF9F354005F6DE3 /* Info.plist */,
				60B8BA122BF9EF8B005F6DE3 /* Resources */,
				60B8BA132BF9F07D005F6DE3 /* Sources */,
			);
			path = ILSANG;
			sourceTree = "<group>";
		};
		60B8B9EC2BF9EEF3005F6DE3 /* Preview Content */ = {
			isa = PBXGroup;
			children = (
				60B8B9ED2BF9EEF3005F6DE3 /* Preview Assets.xcassets */,
			);
			path = "Preview Content";
			sourceTree = "<group>";
		};
		60B8B9F62BF9EEF3005F6DE3 /* ILSANGTests */ = {
			isa = PBXGroup;
			children = (
				60B8B9F72BF9EEF3005F6DE3 /* ILSANGTests.swift */,
			);
			path = ILSANGTests;
			sourceTree = "<group>";
		};
		60B8BA002BF9EEF3005F6DE3 /* ILSANGUITests */ = {
			isa = PBXGroup;
			children = (
				60B8BA012BF9EEF3005F6DE3 /* ILSANGUITests.swift */,
				60B8BA032BF9EEF3005F6DE3 /* ILSANGUITestsLaunchTests.swift */,
			);
			path = ILSANGUITests;
			sourceTree = "<group>";
		};
		60B8BA122BF9EF8B005F6DE3 /* Resources */ = {
			isa = PBXGroup;
			children = (
				A1EB63342C132A3B00B63F9C /* Fonts */,
				A19628702C085C080037C53A /* PDF */,
				60B8B9EC2BF9EEF3005F6DE3 /* Preview Content */,
				60B8B9EA2BF9EEF3005F6DE3 /* Assets.xcassets */,
				60B8BA102BF9EF50005F6DE3 /* Launch Screen.storyboard */,
			);
			path = Resources;
			sourceTree = "<group>";
		};
		60B8BA132BF9F07D005F6DE3 /* Sources */ = {
			isa = PBXGroup;
			children = (
				600D83A22C7B1F7E005C93E2 /* Manager */,
				6011891B2C3E8B2B0070F2AD /* Service */,
				600211E62C1EED2B000CC02E /* Model */,
				606292D62C19E6C00098B6D2 /* Network */,
				605DA0D42C07122200CC9450 /* Extension */,
				607FCBE02BFA6A6100BB2D04 /* Component */,
				607FCBDF2BFA69E600BB2D04 /* Global */,
				607FCBDE2BFA693F00BB2D04 /* Views */,
			);
			path = Sources;
			sourceTree = "<group>";
		};
		60C6B4DD2C2D046000926C0E /* Submit */ = {
			isa = PBXGroup;
			children = (
				605DA0CE2C07118900CC9450 /* SubmitRouterView.swift */,
				60C6B4DE2C2D053600926C0E /* SubmitRouterViewModel.swift */,
				607FCC322C01AA7300BB2D04 /* SubmitAlertView.swift */,
				60C6B4E02C2D1C0100926C0E /* SubmitAlertViewModel.swift */,
			);
			path = Submit;
			sourceTree = "<group>";
		};
		A19628602C0763CB0037C53A /* NickName */ = {
			isa = PBXGroup;
			children = (
				A19628612C0763F90037C53A /* ChangeNickNameView.swift */,
			);
			path = NickName;
			sourceTree = "<group>";
		};
		A19628632C076D5A0037C53A /* Setting */ = {
			isa = PBXGroup;
			children = (
				A19628642C076D7B0037C53A /* SettingView.swift */,
				A196286A2C0859730037C53A /* CustomerServiceView.swift */,
				A196286C2C0859820037C53A /* TermsAndPolicyView.swift */,
				A196286E2C0859910037C53A /* DeleteAccountView.swift */,
				A142E0302C2D9F37004395F8 /* SettingAlertView.swift */,
			);
			path = Setting;
			sourceTree = "<group>";
		};
		A19628702C085C080037C53A /* PDF */ = {
			isa = PBXGroup;
			children = (
				606C87B02C0CC89B002D5C3E /* 2406_TERMS_OF_USE.pdf */,
			);
			path = PDF;
			sourceTree = "<group>";
		};
		A19628732C08647F0037C53A /* View */ = {
			isa = PBXGroup;
			children = (
				A19628742C08648C0037C53A /* NavigationTitleView.swift */,
				6044B7322C33F754002C13A0 /* ErrorView.swift */,
			);
			path = View;
			sourceTree = "<group>";
		};
		A1AB3D5E2C113A7D001EB9D8 /* Login */ = {
			isa = PBXGroup;
			children = (
				A1AB3D5C2C113A70001EB9D8 /* LoginView.swift */,
				601189282C3F022D0070F2AD /* LoginViewModel.swift */,
				A1AB3D672C1141B3001EB9D8 /* AppleLoginButtonView.swift */,
				A1AB3D652C1141B3001EB9D8 /* GoogleLoginButtonView.swift */,
				A1AB3D662C1141B3001EB9D8 /* KakaoLoginButtonView.swift */,
			);
			path = Login;
			sourceTree = "<group>";
		};
		A1EB63342C132A3B00B63F9C /* Fonts */ = {
			isa = PBXGroup;
			children = (
				A1EB63392C132AC100B63F9C /* Roboto-Medium.ttf */,
				A1EB633A2C132B0800B63F9C /* SFPRODISPLAYREGULAR.otf */,
			);
			path = Fonts;
			sourceTree = "<group>";
		};
/* End PBXGroup section */

/* Begin PBXNativeTarget section */
        60B8B9E22BF9EEF1005F6DE3 /* ILSANG */ = {
            isa = PBXNativeTarget;
            buildConfigurationList = 60B8BA072BF9EEF3005F6DE3 /* Build configuration list for PBXNativeTarget "ILSANG" */;
            buildPhases = (
                60B8B9DF2BF9EEF1005F6DE3 /* Sources */,
                60B8B9E02BF9EEF1005F6DE3 /* Frameworks */,
                60B8B9E12BF9EEF1005F6DE3 /* Resources */,
            );
            buildRules = (
            );
            dependencies = (
            );
            name = ILSANG;
            packageProductDependencies = (
                606292DC2C19EAB00098B6D2 /* Alamofire */,
            );
            productName = ILSANG;
            productReference = 60B8B9E32BF9EEF1005F6DE3 /* ILSANG.app */;
            productType = "com.apple.product-type.application";
        };
        60B8B9F22BF9EEF3005F6DE3 /* ILSANGTests */ = {
            isa = PBXNativeTarget;
            buildConfigurationList = 60B8BA0A2BF9EEF3005F6DE3 /* Build configuration list for PBXNativeTarget "ILSANGTests" */;
            buildPhases = (
                60B8B9EF2BF9EEF3005F6DE3 /* Sources */,
                60B8B9F02BF9EEF3005F6DE3 /* Frameworks */,
                60B8B9F12BF9EEF3005F6DE3 /* Resources */,
            );
            buildRules = (
            );
            dependencies = (
                60B8B9F52BF9EEF3005F6DE3 /* PBXTargetDependency */,
            );
            name = ILSANGTests;
            productName = ILSANGTests;
            productReference = 60B8B9F32BF9EEF3005F6DE3 /* ILSANGTests.xctest */;
            productType = "com.apple.product-type.bundle.unit-test";
        };
        60B8B9FC2BF9EEF3005F6DE3 /* ILSANGUITests */ = {
            isa = PBXNativeTarget;
            buildConfigurationList = 60B8BA0D2BF9EEF3005F6DE3 /* Build configuration list for PBXNativeTarget "ILSANGUITests" */;
            buildPhases = (
                60B8B9F92BF9EEF3005F6DE3 /* Sources */,
                60B8B9FA2BF9EEF3005F6DE3 /* Frameworks */,
                60B8B9FB2BF9EEF3005F6DE3 /* Resources */,
            );
            buildRules = (
            );
            dependencies = (
                60B8B9FF2BF9EEF3005F6DE3 /* PBXTargetDependency */,
            );
            name = ILSANGUITests;
            productName = ILSANGUITests;
            productReference = 60B8B9FD2BF9EEF3005F6DE3 /* ILSANGUITests.xctest */;
            productType = "com.apple.product-type.bundle.ui-testing";
        };
/* End PBXNativeTarget section */

/* Begin PBXProject section */
        60B8B9DB2BF9EEF1005F6DE3 /* Project object */ = {
            isa = PBXProject;
            attributes = {
                BuildIndependentTargetsInParallel = 1;
                LastSwiftUpdateCheck = 1500;
                LastUpgradeCheck = 1500;
                TargetAttributes = {
                    60B8B9E22BF9EEF1005F6DE3 = {
                        CreatedOnToolsVersion = 15.0;
                    };
                    60B8B9F22BF9EEF3005F6DE3 = {
                        CreatedOnToolsVersion = 15.0;
                        TestTargetID = 60B8B9E22BF9EEF1005F6DE3;
                    };
                    60B8B9FC2BF9EEF3005F6DE3 = {
                        CreatedOnToolsVersion = 15.0;
                        TestTargetID = 60B8B9E22BF9EEF1005F6DE3;
                    };
                };
            };
            buildConfigurationList = 60B8B9DE2BF9EEF1005F6DE3 /* Build configuration list for PBXProject "ILSANG" */;
            compatibilityVersion = "Xcode 14.0";
            developmentRegion = en;
            hasScannedForEncodings = 0;
            knownRegions = (
                en,
                Base,
            );
            mainGroup = 60B8B9DA2BF9EEF1005F6DE3;
            packageReferences = (
                606292DB2C19EAB00098B6D2 /* XCRemoteSwiftPackageReference "Alamofire" */,
            );
            productRefGroup = 60B8B9E42BF9EEF1005F6DE3 /* Products */;
            projectDirPath = "";
            projectRoot = "";
            targets = (
                60B8B9E22BF9EEF1005F6DE3 /* ILSANG */,
                60B8B9F22BF9EEF3005F6DE3 /* ILSANGTests */,
                60B8B9FC2BF9EEF3005F6DE3 /* ILSANGUITests */,
            );
        };
/* End PBXProject section */

/* Begin PBXResourcesBuildPhase section */
        60B8B9E12BF9EEF1005F6DE3 /* Resources */ = {
            isa = PBXResourcesBuildPhase;
            buildActionMask = 2147483647;
            files = (
                60B8BA112BF9EF50005F6DE3 /* Launch Screen.storyboard in Resources */,
                60B8B9EE2BF9EEF3005F6DE3 /* Preview Assets.xcassets in Resources */,
                606C87B12C0CC89B002D5C3E /* 2406_TERMS_OF_USE.pdf in Resources */,
                60B8B9EB2BF9EEF3005F6DE3 /* Assets.xcassets in Resources */,
            );
            runOnlyForDeploymentPostprocessing = 0;
        };
        60B8B9F12BF9EEF3005F6DE3 /* Resources */ = {
            isa = PBXResourcesBuildPhase;
            buildActionMask = 2147483647;
            files = (
            );
            runOnlyForDeploymentPostprocessing = 0;
        };
        60B8B9FB2BF9EEF3005F6DE3 /* Resources */ = {
            isa = PBXResourcesBuildPhase;
            buildActionMask = 2147483647;
            files = (
            );
            runOnlyForDeploymentPostprocessing = 0;
        };
/* End PBXResourcesBuildPhase section */

/* Begin PBXSourcesBuildPhase section */
		60B8B9DF2BF9EEF1005F6DE3 /* Sources */ = {
			isa = PBXSourcesBuildPhase;
			buildActionMask = 2147483647;
			files = (
				60924DC92C48C00E00221072 /* Quest.swift in Sources */,
				A196286B2C0859730037C53A /* CustomerServiceView.swift in Sources */,
				A18EB9B42C26B6C200405D56 /* Logout.swift in Sources */,
				607FCBE22BFA6A8300BB2D04 /* Buttons.swift in Sources */,
				605DA0CF2C07118900CC9450 /* SubmitRouterView.swift in Sources */,
				A1FF91742C257F6400F03E4B /* XP.swift in Sources */,
				607FCBD82BFA681500BB2D04 /* ApprovalView.swift in Sources */,
				A1AB3D692C1141B3001EB9D8 /* KakaoLoginButtonView.swift in Sources */,
				A142E0312C2D9F37004395F8 /* SettingAlertView.swift in Sources */,
				601189272C3F00FB0070F2AD /* AuthChannel.swift in Sources */,
				A1BB60262BFE05B000AAADD4 /* MyPageSegmenet.swift in Sources */,
				605DA0D62C07123400CC9450 /* View++.swift in Sources */,
				A1BB602E2C022A9900AAADD4 /* UserData.swift in Sources */,
				A18EB9B62C26B6D100405D56 /* Withdraw.swift in Sources */,
				A19628752C08648C0037C53A /* NavigationTitleView.swift in Sources */,
				A1AB3D5D2C113A70001EB9D8 /* LoginView.swift in Sources */,
				A196286F2C0859910037C53A /* DeleteAccountView.swift in Sources */,
				6044B7352C3442E6002C13A0 /* NetworkError.swift in Sources */,
				601189232C3E95D40070F2AD /* AuthNetwork.swift in Sources */,
				A1AB3D6A2C1141B3001EB9D8 /* AppleLoginButtonView.swift in Sources */,
				600211EC2C1EEED7000CC02E /* APIManager.swift in Sources */,
				A1FF916E2C250C3B00F03E4B /* UserNetwork.swift in Sources */,
				A1AB3D6E2C117569001EB9D8 /* Color.swift in Sources */,
				A1501B082C48C3C6001410E1 /* MyPageActiveList.swift in Sources */,
				A1AB3D682C1141B3001EB9D8 /* GoogleLoginButtonView.swift in Sources */,
				601189292C3F022D0070F2AD /* LoginViewModel.swift in Sources */,
				A19628622C0763F90037C53A /* ChangeNickNameView.swift in Sources */,
				60C6B4DF2C2D053600926C0E /* SubmitRouterViewModel.swift in Sources */,
				605DA0C92C07097F00CC9450 /* ImagePreviewButton.swift in Sources */,
				600211E82C1EED40000CC02E /* Emoji.swift in Sources */,
				A18EB9B22C26B62E00405D56 /* LogoutNetwork.swift in Sources */,
				6044B7332C33F754002C13A0 /* ErrorView.swift in Sources */,
				605DA0D32C0711E900CC9450 /* CameraViewModel.swift in Sources */,
				6060B2EA2C08947B0083944D /* Image++.swift in Sources */,
				603F04132C26ADC6008A2332 /* CommonResponse.swift in Sources */,
				607FCBE42BFD124900BB2D04 /* QuestItemView.swift in Sources */,
				606C87AF2C0B9B8C002D5C3E /* ApprovalImageView.swift in Sources */,
				60943FE62C0A38FB00C8A714 /* ApprovalViewModel.swift in Sources */,
				60C6B4DC2C2D042700926C0E /* Image.swift in Sources */,
				A18EB9B02C26B61C00405D56 /* WithdrawNetwork.swift in Sources */,
				A1868C442C09B6C50020BF16 /* DetailQuestview.swift in Sources */,
				6044B71D2C32B6A4002C13A0 /* UIImage++.swift in Sources */,
				607FCBD42BFA648000BB2D04 /* Tab.swift in Sources */,
				6011891F2C3E94380070F2AD /* AuthUser.swift in Sources */,
				A1FF91722C257E9A00F03E4B /* User.swift in Sources */,
				60B8B9E92BF9EEF1005F6DE3 /* QuestView.swift in Sources */,
				60C6B4D72C2C569800926C0E /* Challenge.swift in Sources */,
				60B8B9E72BF9EEF1005F6DE3 /* ILSANGApp.swift in Sources */,
				608EBF9F2C39C17F00B862CC /* Dictionary++.swift in Sources */,
				A1C6422A2C33F55A004954CA /* QuestNetwork.swift in Sources */,
				A1AB3D6C2C1142AA001EB9D8 /* LoginButton.swift in Sources */,
				600D83A42C7B1FA4005C93E2 /* PaginationManager.swift in Sources */,
				60DADF552C6B4EC7001A0B3A /* Data++.swift in Sources */,
				60C6B4D52C2C565700926C0E /* ChallengeNetwork.swift in Sources */,
				A19628652C076D7B0037C53A /* SettingView.swift in Sources */,
				607FCC332C01AA7300BB2D04 /* SubmitAlertView.swift in Sources */,
				606292D82C19E70A0098B6D2 /* Network.swift in Sources */,
				A1501B0A2C48C3E5001410E1 /* MyPageBadgeList.swift in Sources */,
				608EBFA12C39C5BB00B862CC /* String++.swift in Sources */,
				600211EA2C1EEE6D000CC02E /* APITarget.swift in Sources */,
				A1BB60282BFE129000AAADD4 /* MyPageQuestList.swift in Sources */,
				A1BB60282BFE129000AAADD4 /* MyPageQuestList.swift in Sources */,
				6011891D2C3E8B3B0070F2AD /* UserService.swift in Sources */,
				A196286D2C0859820037C53A /* TermsAndPolicyView.swift in Sources */,
				A1F770642C2AABCE00DB24A0 /* MypageViewModel.swift in Sources */,
				605DA0CD2C070A0300CC9450 /* Camera.swift in Sources */,
				600211EE2C1EEF91000CC02E /* EmojiNetwork.swift in Sources */,
				601189212C3E94A60070F2AD /* AuthService.swift in Sources */,
				607FCBD62BFA660C00BB2D04 /* MainTabView.swift in Sources */,
				603F040B2C2416D2008A2332 /* ImageNetwork.swift in Sources */,
				605DA0D12C0711CA00CC9450 /* CameraView.swift in Sources */,
				A1FF91702C25119200F03E4B /* XPNetwork.swift in Sources */,
				A1BB602C2BFF145100AAADD4 /* MyPageProfile.swift in Sources */,
				607FCBE92BFE418600BB2D04 /* QuestViewModel.swift in Sources */,
				60C6B4E12C2D1C0100926C0E /* SubmitAlertViewModel.swift in Sources */,
				607FCBE72BFD12B100BB2D04 /* QuestViewModelItem.swift in Sources */,
				A19628692C0775A70037C53A /* Setting.swift in Sources */,
				607FCBDD2BFA686700BB2D04 /* MyPageView.swift in Sources */,
				607FCBEB2BFE44D900BB2D04 /* IconView.swift in Sources */,
			);
			runOnlyForDeploymentPostprocessing = 0;
		};
		60B8B9EF2BF9EEF3005F6DE3 /* Sources */ = {
			isa = PBXSourcesBuildPhase;
			buildActionMask = 2147483647;
			files = (
				60B8B9F82BF9EEF3005F6DE3 /* ILSANGTests.swift in Sources */,
			);
			runOnlyForDeploymentPostprocessing = 0;
		};
		60B8B9F92BF9EEF3005F6DE3 /* Sources */ = {
			isa = PBXSourcesBuildPhase;
			buildActionMask = 2147483647;
			files = (
				60B8BA042BF9EEF3005F6DE3 /* ILSANGUITestsLaunchTests.swift in Sources */,
				60B8BA022BF9EEF3005F6DE3 /* ILSANGUITests.swift in Sources */,
			);
			runOnlyForDeploymentPostprocessing = 0;
		};
/* End PBXSourcesBuildPhase section */

/* Begin PBXTargetDependency section */
        60B8B9F52BF9EEF3005F6DE3 /* PBXTargetDependency */ = {
            isa = PBXTargetDependency;
            target = 60B8B9E22BF9EEF1005F6DE3 /* ILSANG */;
            targetProxy = 60B8B9F42BF9EEF3005F6DE3 /* PBXContainerItemProxy */;
        };
        60B8B9FF2BF9EEF3005F6DE3 /* PBXTargetDependency */ = {
            isa = PBXTargetDependency;
            target = 60B8B9E22BF9EEF1005F6DE3 /* ILSANG */;
            targetProxy = 60B8B9FE2BF9EEF3005F6DE3 /* PBXContainerItemProxy */;
        };
/* End PBXTargetDependency section */

/* Begin XCBuildConfiguration section */
		60B8BA052BF9EEF3005F6DE3 /* Debug */ = {
			isa = XCBuildConfiguration;
			buildSettings = {
				ALWAYS_SEARCH_USER_PATHS = NO;
				ASSETCATALOG_COMPILER_GENERATE_SWIFT_ASSET_SYMBOL_EXTENSIONS = YES;
				CLANG_ANALYZER_NONNULL = YES;
				CLANG_ANALYZER_NUMBER_OBJECT_CONVERSION = YES_AGGRESSIVE;
				CLANG_CXX_LANGUAGE_STANDARD = "gnu++20";
				CLANG_ENABLE_MODULES = YES;
				CLANG_ENABLE_OBJC_ARC = YES;
				CLANG_ENABLE_OBJC_WEAK = YES;
				CLANG_WARN_BLOCK_CAPTURE_AUTORELEASING = YES;
				CLANG_WARN_BOOL_CONVERSION = YES;
				CLANG_WARN_COMMA = YES;
				CLANG_WARN_CONSTANT_CONVERSION = YES;
				CLANG_WARN_DEPRECATED_OBJC_IMPLEMENTATIONS = YES;
				CLANG_WARN_DIRECT_OBJC_ISA_USAGE = YES_ERROR;
				CLANG_WARN_DOCUMENTATION_COMMENTS = YES;
				CLANG_WARN_EMPTY_BODY = YES;
				CLANG_WARN_ENUM_CONVERSION = YES;
				CLANG_WARN_INFINITE_RECURSION = YES;
				CLANG_WARN_INT_CONVERSION = YES;
				CLANG_WARN_NON_LITERAL_NULL_CONVERSION = YES;
				CLANG_WARN_OBJC_IMPLICIT_RETAIN_SELF = YES;
				CLANG_WARN_OBJC_LITERAL_CONVERSION = YES;
				CLANG_WARN_OBJC_ROOT_CLASS = YES_ERROR;
				CLANG_WARN_QUOTED_INCLUDE_IN_FRAMEWORK_HEADER = YES;
				CLANG_WARN_RANGE_LOOP_ANALYSIS = YES;
				CLANG_WARN_STRICT_PROTOTYPES = YES;
				CLANG_WARN_SUSPICIOUS_MOVE = YES;
				CLANG_WARN_UNGUARDED_AVAILABILITY = YES_AGGRESSIVE;
				CLANG_WARN_UNREACHABLE_CODE = YES;
				CLANG_WARN__DUPLICATE_METHOD_MATCH = YES;
				COPY_PHASE_STRIP = NO;
				DEBUG_INFORMATION_FORMAT = dwarf;
				ENABLE_STRICT_OBJC_MSGSEND = YES;
				ENABLE_TESTABILITY = YES;
				ENABLE_USER_SCRIPT_SANDBOXING = YES;
				GCC_C_LANGUAGE_STANDARD = gnu17;
				GCC_DYNAMIC_NO_PIC = NO;
				GCC_NO_COMMON_BLOCKS = YES;
				GCC_OPTIMIZATION_LEVEL = 0;
				GCC_PREPROCESSOR_DEFINITIONS = (
					"DEBUG=1",
					"$(inherited)",
				);
				GCC_WARN_64_TO_32_BIT_CONVERSION = YES;
				GCC_WARN_ABOUT_RETURN_TYPE = YES_ERROR;
				GCC_WARN_UNDECLARED_SELECTOR = YES;
				GCC_WARN_UNINITIALIZED_AUTOS = YES_AGGRESSIVE;
				GCC_WARN_UNUSED_FUNCTION = YES;
				GCC_WARN_UNUSED_VARIABLE = YES;
				IPHONEOS_DEPLOYMENT_TARGET = 17.0;
				LOCALIZATION_PREFERS_STRING_CATALOGS = YES;
				MTL_ENABLE_DEBUG_INFO = INCLUDE_SOURCE;
				MTL_FAST_MATH = YES;
				ONLY_ACTIVE_ARCH = YES;
				SDKROOT = iphoneos;
				SWIFT_ACTIVE_COMPILATION_CONDITIONS = "DEBUG $(inherited)";
				SWIFT_OPTIMIZATION_LEVEL = "-Onone";
			};
			name = Debug;
		};
		60B8BA062BF9EEF3005F6DE3 /* Release */ = {
			isa = XCBuildConfiguration;
			buildSettings = {
				ALWAYS_SEARCH_USER_PATHS = NO;
				ASSETCATALOG_COMPILER_GENERATE_SWIFT_ASSET_SYMBOL_EXTENSIONS = YES;
				CLANG_ANALYZER_NONNULL = YES;
				CLANG_ANALYZER_NUMBER_OBJECT_CONVERSION = YES_AGGRESSIVE;
				CLANG_CXX_LANGUAGE_STANDARD = "gnu++20";
				CLANG_ENABLE_MODULES = YES;
				CLANG_ENABLE_OBJC_ARC = YES;
				CLANG_ENABLE_OBJC_WEAK = YES;
				CLANG_WARN_BLOCK_CAPTURE_AUTORELEASING = YES;
				CLANG_WARN_BOOL_CONVERSION = YES;
				CLANG_WARN_COMMA = YES;
				CLANG_WARN_CONSTANT_CONVERSION = YES;
				CLANG_WARN_DEPRECATED_OBJC_IMPLEMENTATIONS = YES;
				CLANG_WARN_DIRECT_OBJC_ISA_USAGE = YES_ERROR;
				CLANG_WARN_DOCUMENTATION_COMMENTS = YES;
				CLANG_WARN_EMPTY_BODY = YES;
				CLANG_WARN_ENUM_CONVERSION = YES;
				CLANG_WARN_INFINITE_RECURSION = YES;
				CLANG_WARN_INT_CONVERSION = YES;
				CLANG_WARN_NON_LITERAL_NULL_CONVERSION = YES;
				CLANG_WARN_OBJC_IMPLICIT_RETAIN_SELF = YES;
				CLANG_WARN_OBJC_LITERAL_CONVERSION = YES;
				CLANG_WARN_OBJC_ROOT_CLASS = YES_ERROR;
				CLANG_WARN_QUOTED_INCLUDE_IN_FRAMEWORK_HEADER = YES;
				CLANG_WARN_RANGE_LOOP_ANALYSIS = YES;
				CLANG_WARN_STRICT_PROTOTYPES = YES;
				CLANG_WARN_SUSPICIOUS_MOVE = YES;
				CLANG_WARN_UNGUARDED_AVAILABILITY = YES_AGGRESSIVE;
				CLANG_WARN_UNREACHABLE_CODE = YES;
				CLANG_WARN__DUPLICATE_METHOD_MATCH = YES;
				COPY_PHASE_STRIP = NO;
				DEBUG_INFORMATION_FORMAT = "dwarf-with-dsym";
				ENABLE_NS_ASSERTIONS = NO;
				ENABLE_STRICT_OBJC_MSGSEND = YES;
				ENABLE_USER_SCRIPT_SANDBOXING = YES;
				GCC_C_LANGUAGE_STANDARD = gnu17;
				GCC_NO_COMMON_BLOCKS = YES;
				GCC_WARN_64_TO_32_BIT_CONVERSION = YES;
				GCC_WARN_ABOUT_RETURN_TYPE = YES_ERROR;
				GCC_WARN_UNDECLARED_SELECTOR = YES;
				GCC_WARN_UNINITIALIZED_AUTOS = YES_AGGRESSIVE;
				GCC_WARN_UNUSED_FUNCTION = YES;
				GCC_WARN_UNUSED_VARIABLE = YES;
				IPHONEOS_DEPLOYMENT_TARGET = 17.0;
				LOCALIZATION_PREFERS_STRING_CATALOGS = YES;
				MTL_ENABLE_DEBUG_INFO = NO;
				MTL_FAST_MATH = YES;
				SDKROOT = iphoneos;
				SWIFT_COMPILATION_MODE = wholemodule;
				VALIDATE_PRODUCT = YES;
			};
			name = Release;
		};
		60B8BA082BF9EEF3005F6DE3 /* Debug */ = {
			isa = XCBuildConfiguration;
			buildSettings = {
				ASSETCATALOG_COMPILER_APPICON_NAME = AppIcon;
				ASSETCATALOG_COMPILER_GLOBAL_ACCENT_COLOR_NAME = AccentColor;
				CODE_SIGN_ENTITLEMENTS = ILSANG/ILSANG.entitlements;
				CODE_SIGN_STYLE = Automatic;
				CURRENT_PROJECT_VERSION = 1;
				DEVELOPMENT_ASSET_PATHS = "\"ILSANG/Resources/Preview Content\"";
				DEVELOPMENT_TEAM = F5LF3NUCU2;
				ENABLE_PREVIEWS = YES;
				GENERATE_INFOPLIST_FILE = YES;
				INFOPLIST_FILE = ILSANG/Info.plist;
				INFOPLIST_KEY_CFBundleDisplayName = "일상";
				INFOPLIST_KEY_NSCameraUsageDescription = "일상은 퀘스트 인증 사진을 촬영하기 위해 카메라 접근 권한이 필요합니다.\n계속하려면 카메라 접근 권한을 허용해주세요.";
				INFOPLIST_KEY_NSPhotoLibraryAddUsageDescription = "일상은 촬영한 퀘스트 인증 사진을 저장하기 위해 앨범 접근 권한이 필요합니다.\n계속하려면 앨범 접근 권한을 허용해주세요.";
				INFOPLIST_KEY_NSPhotoLibraryUsageDescription = "일상은 퀘스트 인증에 필요한 사진을 불러오기 위해 앨범 접근 권한이 필요합니다.\n계속하려면 앨범 접근 권한을 허용해주세요.";
				INFOPLIST_KEY_UIApplicationSceneManifest_Generation = YES;
				INFOPLIST_KEY_UIApplicationSupportsIndirectInputEvents = YES;
				INFOPLIST_KEY_UILaunchScreen_Generation = YES;
				INFOPLIST_KEY_UILaunchStoryboardName = "Launch Screen.storyboard";
				INFOPLIST_KEY_UISupportedInterfaceOrientations = UIInterfaceOrientationPortrait;
				INFOPLIST_KEY_UISupportedInterfaceOrientations_iPad = "UIInterfaceOrientationLandscapeLeft UIInterfaceOrientationLandscapeRight UIInterfaceOrientationPortrait UIInterfaceOrientationPortraitUpsideDown";
				INFOPLIST_KEY_UIUserInterfaceStyle = Light;
				IPHONEOS_DEPLOYMENT_TARGET = 16.0;
				LD_RUNPATH_SEARCH_PATHS = (
					"$(inherited)",
					"@executable_path/Frameworks",
				);
				MARKETING_VERSION = 1.0.2;
				PRODUCT_BUNDLE_IDENTIFIER = com.ilsang240615;
				PRODUCT_NAME = "$(TARGET_NAME)";
				SUPPORTED_PLATFORMS = "iphoneos iphonesimulator";
				SUPPORTS_MACCATALYST = NO;
				SUPPORTS_MAC_DESIGNED_FOR_IPHONE_IPAD = NO;
				SWIFT_EMIT_LOC_STRINGS = YES;
				SWIFT_VERSION = 5.0;
				TARGETED_DEVICE_FAMILY = 1;
			};
			name = Debug;
		};
		60B8BA092BF9EEF3005F6DE3 /* Release */ = {
			isa = XCBuildConfiguration;
			buildSettings = {
				ASSETCATALOG_COMPILER_APPICON_NAME = AppIcon;
				ASSETCATALOG_COMPILER_GLOBAL_ACCENT_COLOR_NAME = AccentColor;
				CODE_SIGN_ENTITLEMENTS = ILSANG/ILSANG.entitlements;
				CODE_SIGN_STYLE = Automatic;
				CURRENT_PROJECT_VERSION = 1;
				DEVELOPMENT_ASSET_PATHS = "\"ILSANG/Resources/Preview Content\"";
				DEVELOPMENT_TEAM = F5LF3NUCU2;
				ENABLE_PREVIEWS = YES;
				GENERATE_INFOPLIST_FILE = YES;
				INFOPLIST_FILE = ILSANG/Info.plist;
				INFOPLIST_KEY_CFBundleDisplayName = "일상";
				INFOPLIST_KEY_NSCameraUsageDescription = "일상은 퀘스트 인증 사진을 촬영하기 위해 카메라 접근 권한이 필요합니다.\n계속하려면 카메라 접근 권한을 허용해주세요.";
				INFOPLIST_KEY_NSPhotoLibraryAddUsageDescription = "일상은 촬영한 퀘스트 인증 사진을 저장하기 위해 앨범 접근 권한이 필요합니다.\n계속하려면 앨범 접근 권한을 허용해주세요.";
				INFOPLIST_KEY_NSPhotoLibraryUsageDescription = "일상은 퀘스트 인증에 필요한 사진을 불러오기 위해 앨범 접근 권한이 필요합니다.\n계속하려면 앨범 접근 권한을 허용해주세요.";
				INFOPLIST_KEY_UIApplicationSceneManifest_Generation = YES;
				INFOPLIST_KEY_UIApplicationSupportsIndirectInputEvents = YES;
				INFOPLIST_KEY_UILaunchScreen_Generation = YES;
				INFOPLIST_KEY_UILaunchStoryboardName = "Launch Screen.storyboard";
				INFOPLIST_KEY_UISupportedInterfaceOrientations = UIInterfaceOrientationPortrait;
				INFOPLIST_KEY_UISupportedInterfaceOrientations_iPad = "UIInterfaceOrientationLandscapeLeft UIInterfaceOrientationLandscapeRight UIInterfaceOrientationPortrait UIInterfaceOrientationPortraitUpsideDown";
				INFOPLIST_KEY_UIUserInterfaceStyle = Light;
				IPHONEOS_DEPLOYMENT_TARGET = 16.0;
				LD_RUNPATH_SEARCH_PATHS = (
					"$(inherited)",
					"@executable_path/Frameworks",
				);
				MARKETING_VERSION = 1.0.2;
				PRODUCT_BUNDLE_IDENTIFIER = com.ilsang240615;
				PRODUCT_NAME = "$(TARGET_NAME)";
				SUPPORTED_PLATFORMS = "iphoneos iphonesimulator";
				SUPPORTS_MACCATALYST = NO;
				SUPPORTS_MAC_DESIGNED_FOR_IPHONE_IPAD = NO;
				SWIFT_EMIT_LOC_STRINGS = YES;
				SWIFT_VERSION = 5.0;
				TARGETED_DEVICE_FAMILY = 1;
			};
			name = Release;
		};
		60B8BA0B2BF9EEF3005F6DE3 /* Debug */ = {
			isa = XCBuildConfiguration;
			buildSettings = {
				ALWAYS_EMBED_SWIFT_STANDARD_LIBRARIES = YES;
				BUNDLE_LOADER = "$(TEST_HOST)";
				CODE_SIGN_STYLE = Automatic;
				CURRENT_PROJECT_VERSION = 1;
				DEVELOPMENT_TEAM = F5LF3NUCU2;
				GENERATE_INFOPLIST_FILE = YES;
				IPHONEOS_DEPLOYMENT_TARGET = 17.0;
				MARKETING_VERSION = 1.0;
				PRODUCT_BUNDLE_IDENTIFIER = TeamFair.ILSANGTests;
				PRODUCT_NAME = "$(TARGET_NAME)";
				SWIFT_EMIT_LOC_STRINGS = NO;
				SWIFT_VERSION = 5.0;
				TARGETED_DEVICE_FAMILY = "1,2";
				TEST_HOST = "$(BUILT_PRODUCTS_DIR)/ILSANG.app/$(BUNDLE_EXECUTABLE_FOLDER_PATH)/ILSANG";
			};
			name = Debug;
		};
		60B8BA0C2BF9EEF3005F6DE3 /* Release */ = {
			isa = XCBuildConfiguration;
			buildSettings = {
				ALWAYS_EMBED_SWIFT_STANDARD_LIBRARIES = YES;
				BUNDLE_LOADER = "$(TEST_HOST)";
				CODE_SIGN_STYLE = Automatic;
				CURRENT_PROJECT_VERSION = 1;
				DEVELOPMENT_TEAM = F5LF3NUCU2;
				GENERATE_INFOPLIST_FILE = YES;
				IPHONEOS_DEPLOYMENT_TARGET = 17.0;
				MARKETING_VERSION = 1.0;
				PRODUCT_BUNDLE_IDENTIFIER = TeamFair.ILSANGTests;
				PRODUCT_NAME = "$(TARGET_NAME)";
				SWIFT_EMIT_LOC_STRINGS = NO;
				SWIFT_VERSION = 5.0;
				TARGETED_DEVICE_FAMILY = "1,2";
				TEST_HOST = "$(BUILT_PRODUCTS_DIR)/ILSANG.app/$(BUNDLE_EXECUTABLE_FOLDER_PATH)/ILSANG";
			};
			name = Release;
		};
		60B8BA0E2BF9EEF3005F6DE3 /* Debug */ = {
			isa = XCBuildConfiguration;
			buildSettings = {
				ALWAYS_EMBED_SWIFT_STANDARD_LIBRARIES = YES;
				CODE_SIGN_STYLE = Automatic;
				CURRENT_PROJECT_VERSION = 1;
				DEVELOPMENT_TEAM = F5LF3NUCU2;
				GENERATE_INFOPLIST_FILE = YES;
				MARKETING_VERSION = 1.0;
				PRODUCT_BUNDLE_IDENTIFIER = TeamFair.ILSANGUITests;
				PRODUCT_NAME = "$(TARGET_NAME)";
				SWIFT_EMIT_LOC_STRINGS = NO;
				SWIFT_VERSION = 5.0;
				TARGETED_DEVICE_FAMILY = "1,2";
				TEST_TARGET_NAME = ILSANG;
			};
			name = Debug;
		};
		60B8BA0F2BF9EEF3005F6DE3 /* Release */ = {
			isa = XCBuildConfiguration;
			buildSettings = {
				ALWAYS_EMBED_SWIFT_STANDARD_LIBRARIES = YES;
				CODE_SIGN_STYLE = Automatic;
				CURRENT_PROJECT_VERSION = 1;
				DEVELOPMENT_TEAM = F5LF3NUCU2;
				GENERATE_INFOPLIST_FILE = YES;
				MARKETING_VERSION = 1.0;
				PRODUCT_BUNDLE_IDENTIFIER = TeamFair.ILSANGUITests;
				PRODUCT_NAME = "$(TARGET_NAME)";
				SWIFT_EMIT_LOC_STRINGS = NO;
				SWIFT_VERSION = 5.0;
				TARGETED_DEVICE_FAMILY = "1,2";
				TEST_TARGET_NAME = ILSANG;
			};
			name = Release;
		};
/* End XCBuildConfiguration section */

/* Begin XCConfigurationList section */
        60B8B9DE2BF9EEF1005F6DE3 /* Build configuration list for PBXProject "ILSANG" */ = {
            isa = XCConfigurationList;
            buildConfigurations = (
                60B8BA052BF9EEF3005F6DE3 /* Debug */,
                60B8BA062BF9EEF3005F6DE3 /* Release */,
            );
            defaultConfigurationIsVisible = 0;
            defaultConfigurationName = Release;
        };
        60B8BA072BF9EEF3005F6DE3 /* Build configuration list for PBXNativeTarget "ILSANG" */ = {
            isa = XCConfigurationList;
            buildConfigurations = (
                60B8BA082BF9EEF3005F6DE3 /* Debug */,
                60B8BA092BF9EEF3005F6DE3 /* Release */,
            );
            defaultConfigurationIsVisible = 0;
            defaultConfigurationName = Release;
        };
        60B8BA0A2BF9EEF3005F6DE3 /* Build configuration list for PBXNativeTarget "ILSANGTests" */ = {
            isa = XCConfigurationList;
            buildConfigurations = (
                60B8BA0B2BF9EEF3005F6DE3 /* Debug */,
                60B8BA0C2BF9EEF3005F6DE3 /* Release */,
            );
            defaultConfigurationIsVisible = 0;
            defaultConfigurationName = Release;
        };
        60B8BA0D2BF9EEF3005F6DE3 /* Build configuration list for PBXNativeTarget "ILSANGUITests" */ = {
            isa = XCConfigurationList;
            buildConfigurations = (
                60B8BA0E2BF9EEF3005F6DE3 /* Debug */,
                60B8BA0F2BF9EEF3005F6DE3 /* Release */,
            );
            defaultConfigurationIsVisible = 0;
            defaultConfigurationName = Release;
        };
/* End XCConfigurationList section */

/* Begin XCRemoteSwiftPackageReference section */
        606292DB2C19EAB00098B6D2 /* XCRemoteSwiftPackageReference "Alamofire" */ = {
            isa = XCRemoteSwiftPackageReference;
            repositoryURL = "https://github.com/Alamofire/Alamofire.git";
            requirement = {
                kind = upToNextMajorVersion;
                minimumVersion = 5.9.1;
            };
        };
/* End XCRemoteSwiftPackageReference section */

/* Begin XCSwiftPackageProductDependency section */
        606292DC2C19EAB00098B6D2 /* Alamofire */ = {
            isa = XCSwiftPackageProductDependency;
            package = 606292DB2C19EAB00098B6D2 /* XCRemoteSwiftPackageReference "Alamofire" */;
            productName = Alamofire;
        };
/* End XCSwiftPackageProductDependency section */
    };
    rootObject = 60B8B9DB2BF9EEF1005F6DE3 /* Project object */;
}
